
Microsoft Visual Studio Solution File, Format Version 12.00
# Visual Studio Version 17
VisualStudioVersion = 17.7.34024.191
MinimumVisualStudioVersion = 10.0.40219.1
Project("{9A19103F-16F7-4668-BE54-9A1E7A4F7556}") = "Affärslager", "Affärslager\Affärslager.csproj", "{19A70354-8639-4A9E-BEEB-1A542A11CFAC}"
EndProject
Project("{9A19103F-16F7-4668-BE54-9A1E7A4F7556}") = "Entiteter", "Entiteter\Entiteter.csproj", "{267DFC86-FCA3-4AA1-B56C-8AEE3BD186F7}"
EndProject
Project("{9A19103F-16F7-4668-BE54-9A1E7A4F7556}") = "Datalager", "Datalager\Datalager.csproj", "{272DDEE2-1470-48F1-80D3-2368EF53EB59}"
EndProject
Project("{9A19103F-16F7-4668-BE54-9A1E7A4F7556}") = "PresentationslagerWPF", "PresentationslagerWPF\PresentationslagerWPF.csproj", "{86813E24-6ED1-4325-85EE-88D99725B202}"
EndProject
Global
	GlobalSection(SolutionConfigurationPlatforms) = preSolution
		Debug|Any CPU = Debug|Any CPU
		Release|Any CPU = Release|Any CPU
	EndGlobalSection
	GlobalSection(ProjectConfigurationPlatforms) = postSolution
		{19A70354-8639-4A9E-BEEB-1A542A11CFAC}.Debug|Any CPU.ActiveCfg = Debug|Any CPU
		{19A70354-8639-4A9E-BEEB-1A542A11CFAC}.Debug|Any CPU.Build.0 = Debug|Any CPU
		{19A70354-8639-4A9E-BEEB-1A542A11CFAC}.Release|Any CPU.ActiveCfg = Release|Any CPU
		{19A70354-8639-4A9E-BEEB-1A542A11CFAC}.Release|Any CPU.Build.0 = Release|Any CPU
		{267DFC86-FCA3-4AA1-B56C-8AEE3BD186F7}.Debug|Any CPU.ActiveCfg = Debug|Any CPU
		{267DFC86-FCA3-4AA1-B56C-8AEE3BD186F7}.Debug|Any CPU.Build.0 = Debug|Any CPU
		{267DFC86-FCA3-4AA1-B56C-8AEE3BD186F7}.Release|Any CPU.ActiveCfg = Release|Any CPU
		{267DFC86-FCA3-4AA1-B56C-8AEE3BD186F7}.Release|Any CPU.Build.0 = Release|Any CPU
		{272DDEE2-1470-48F1-80D3-2368EF53EB59}.Debug|Any CPU.ActiveCfg = Debug|Any CPU
		{272DDEE2-1470-48F1-80D3-2368EF53EB59}.Debug|Any CPU.Build.0 = Debug|Any CPU
		{272DDEE2-1470-48F1-80D3-2368EF53EB59}.Release|Any CPU.ActiveCfg = Release|Any CPU
		{272DDEE2-1470-48F1-80D3-2368EF53EB59}.Release|Any CPU.Build.0 = Release|Any CPU
		{86813E24-6ED1-4325-85EE-88D99725B202}.Debug|Any CPU.ActiveCfg = Debug|Any CPU
		{86813E24-6ED1-4325-85EE-88D99725B202}.Debug|Any CPU.Build.0 = Debug|Any CPU
		{86813E24-6ED1-4325-85EE-88D99725B202}.Release|Any CPU.ActiveCfg = Release|Any CPU
		{86813E24-6ED1-4325-85EE-88D99725B202}.Release|Any CPU.Build.0 = Release|Any CPU
	EndGlobalSection
	GlobalSection(SolutionProperties) = preSolution
		HideSolutionNode = FALSE
	EndGlobalSection
	GlobalSection(ExtensibilityGlobals) = postSolution
		SolutionGuid = {99E742DD-86D6-4D26-8283-50E36E6ED669}
	EndGlobalSection
EndGlobal
